Microsoft Visual Studio Solution File, Format Version 11.00
# Visual Studio 2008

Project("{363CCB49-E0DE-0D52-03D4-6C9FA881A3C8}") = "BigTanksWar", "Assembly-CSharp-firstpass.csproj", "{3670F66F-01F1-9F87-C714-2B029B6482D7}"
EndProject
Project("{363CCB49-E0DE-0D52-03D4-6C9FA881A3C8}") = "BigTanksWar", "Assembly-CSharp.csproj", "{A30762DE-8BCE-93E2-6F13-DB6A2D62E7B9}"
EndProject
Project("{363CCB49-E0DE-0D52-03D4-6C9FA881A3C8}") = "BigTanksWar", "Assembly-CSharp-Editor.csproj", "{822882DC-087C-DE6B-E9A3-187A1CFE000C}"
EndProject
Global
	GlobalSection(SolutionConfigurationPlatforms) = preSolution
		Debug|Any CPU = Debug|Any CPU
		Release|Any CPU = Release|Any CPU
	EndGlobalSection
	GlobalSection(ProjectConfigurationPlatforms) = postSolution
		{3670F66F-01F1-9F87-C714-2B029B6482D7}.Debug|Any CPU.ActiveCfg = Debug|Any CPU
		{3670F66F-01F1-9F87-C714-2B029B6482D7}.Debug|Any CPU.Build.0 = Debug|Any CPU
		{3670F66F-01F1-9F87-C714-2B029B6482D7}.Release|Any CPU.ActiveCfg = Release|Any CPU
		{3670F66F-01F1-9F87-C714-2B029B6482D7}.Release|Any CPU.Build.0 = Release|Any CPU
		{A30762DE-8BCE-93E2-6F13-DB6A2D62E7B9}.Debug|Any CPU.ActiveCfg = Debug|Any CPU
		{A30762DE-8BCE-93E2-6F13-DB6A2D62E7B9}.Debug|Any CPU.Build.0 = Debug|Any CPU
		{A30762DE-8BCE-93E2-6F13-DB6A2D62E7B9}.Release|Any CPU.ActiveCfg = Release|Any CPU
		{A30762DE-8BCE-93E2-6F13-DB6A2D62E7B9}.Release|Any CPU.Build.0 = Release|Any CPU
		{822882DC-087C-DE6B-E9A3-187A1CFE000C}.Debug|Any CPU.ActiveCfg = Debug|Any CPU
		{822882DC-087C-DE6B-E9A3-187A1CFE000C}.Debug|Any CPU.Build.0 = Debug|Any CPU
		{822882DC-087C-DE6B-E9A3-187A1CFE000C}.Release|Any CPU.ActiveCfg = Release|Any CPU
		{822882DC-087C-DE6B-E9A3-187A1CFE000C}.Release|Any CPU.Build.0 = Release|Any CPU
	EndGlobalSection
	GlobalSection(SolutionProperties) = preSolution
		HideSolutionNode = FALSE
	EndGlobalSection
	GlobalSection(MonoDevelopProperties) = preSolution
		StartupItem = Assembly-CSharp.csproj
	EndGlobalSection
EndGlobal
